
Microsoft Visual Studio Solution File, Format Version 12.00
# Visual Studio 2015
Project("{FAE04EC0-301F-11D3-BF4B-00C04F79EFBC}") = "Jenga.CSharp", "Jenga.CSharp.csproj", "{4923CD92-4F2A-554B-14DA-24FAD998F97F}"
EndProject
Project("{FAE04EC0-301F-11D3-BF4B-00C04F79EFBC}") = "Jenga.CSharp.Editor", "Jenga.CSharp.Editor.csproj", "{6F2B4C3C-C56B-AC36-6FD2-1B0B09EFFB97}"
EndProject
Global
	GlobalSection(SolutionConfigurationPlatforms) = preSolution
		Debug|Any CPU = Debug|Any CPU
		Release|Any CPU = Release|Any CPU
	EndGlobalSection
	GlobalSection(ProjectConfigurationPlatforms) = postSolution
		{4923CD92-4F2A-554B-14DA-24FAD998F97F}.Debug|Any CPU.ActiveCfg = Debug|Any CPU
		{4923CD92-4F2A-554B-14DA-24FAD998F97F}.Debug|Any CPU.Build.0 = Debug|Any CPU
		{4923CD92-4F2A-554B-14DA-24FAD998F97F}.Release|Any CPU.ActiveCfg = Release|Any CPU
		{4923CD92-4F2A-554B-14DA-24FAD998F97F}.Release|Any CPU.Build.0 = Release|Any CPU
		{6F2B4C3C-C56B-AC36-6FD2-1B0B09EFFB97}.Debug|Any CPU.ActiveCfg = Debug|Any CPU
		{6F2B4C3C-C56B-AC36-6FD2-1B0B09EFFB97}.Debug|Any CPU.Build.0 = Debug|Any CPU
		{6F2B4C3C-C56B-AC36-6FD2-1B0B09EFFB97}.Release|Any CPU.ActiveCfg = Release|Any CPU
		{6F2B4C3C-C56B-AC36-6FD2-1B0B09EFFB97}.Release|Any CPU.Build.0 = Release|Any CPU
	EndGlobalSection
	GlobalSection(SolutionProperties) = preSolution
		HideSolutionNode = FALSE
	EndGlobalSection
EndGlobal
