
Microsoft Visual Studio Solution File, Format Version 12.00
# Visual Studio 2015
Project("{FAE04EC0-301F-11D3-BF4B-00C04F79EFBC}") = "Example Project.CSharp", "Example Project.CSharp.csproj", "{698A5F92-5834-55EF-27E2-E0C0A948CA8D}"
EndProject
Global
	GlobalSection(SolutionConfigurationPlatforms) = preSolution
		Debug|Any CPU = Debug|Any CPU
		Release|Any CPU = Release|Any CPU
	EndGlobalSection
	GlobalSection(ProjectConfigurationPlatforms) = postSolution
		{698A5F92-5834-55EF-27E2-E0C0A948CA8D}.Debug|Any CPU.ActiveCfg = Debug|Any CPU
		{698A5F92-5834-55EF-27E2-E0C0A948CA8D}.Debug|Any CPU.Build.0 = Debug|Any CPU
		{698A5F92-5834-55EF-27E2-E0C0A948CA8D}.Release|Any CPU.ActiveCfg = Release|Any CPU
		{698A5F92-5834-55EF-27E2-E0C0A948CA8D}.Release|Any CPU.Build.0 = Release|Any CPU
	EndGlobalSection
	GlobalSection(SolutionProperties) = preSolution
		HideSolutionNode = FALSE
	EndGlobalSection
EndGlobal
