
Microsoft Visual Studio Solution File, Format Version 12.00
# Visual Studio 2015
Project("{FAE04EC0-301F-11D3-BF4B-00C04F79EFBC}") = "BasicTestScene", "BasicTestScene.csproj", "{81FEF594-D5A1-7CCF-CA6B-EBB32511D5F5}"
EndProject
Project("{FAE04EC0-301F-11D3-BF4B-00C04F79EFBC}") = "BasicTestScene.Editor", "BasicTestScene.Editor.csproj", "{EF12D51A-B311-B87D-951E-6AD18CCFE823}"
EndProject
Global
	GlobalSection(SolutionConfigurationPlatforms) = preSolution
		Debug|Any CPU = Debug|Any CPU
		Release|Any CPU = Release|Any CPU
	EndGlobalSection
	GlobalSection(ProjectConfigurationPlatforms) = postSolution
		{81FEF594-D5A1-7CCF-CA6B-EBB32511D5F5}.Debug|Any CPU.ActiveCfg = Debug|Any CPU
		{81FEF594-D5A1-7CCF-CA6B-EBB32511D5F5}.Debug|Any CPU.Build.0 = Debug|Any CPU
		{81FEF594-D5A1-7CCF-CA6B-EBB32511D5F5}.Release|Any CPU.ActiveCfg = Release|Any CPU
		{81FEF594-D5A1-7CCF-CA6B-EBB32511D5F5}.Release|Any CPU.Build.0 = Release|Any CPU
		{EF12D51A-B311-B87D-951E-6AD18CCFE823}.Debug|Any CPU.ActiveCfg = Debug|Any CPU
		{EF12D51A-B311-B87D-951E-6AD18CCFE823}.Debug|Any CPU.Build.0 = Debug|Any CPU
		{EF12D51A-B311-B87D-951E-6AD18CCFE823}.Release|Any CPU.ActiveCfg = Release|Any CPU
		{EF12D51A-B311-B87D-951E-6AD18CCFE823}.Release|Any CPU.Build.0 = Release|Any CPU
	EndGlobalSection
	GlobalSection(SolutionProperties) = preSolution
		HideSolutionNode = FALSE
	EndGlobalSection
EndGlobal
